PODS:
  - SwiftGen (6.4.0)
  - SwiftLint (0.38.0)
  - Swinject (2.7.1)

DEPENDENCIES:
  - SwiftGen (= 6.4.0)
  - SwiftLint (= 0.38.0)
  - Swinject (= 2.7.1)

SPEC REPOS:
  trunk:
    - SwiftGen
    - SwiftLint
    - Swinject

SPEC CHECKSUMS:
  SwiftGen: 67860cc7c3cfc2ed25b9b74cfd55495fc89f9108
  SwiftLint: 4105f061f9812b214568b736dab580ab2c73a582
  Swinject: ddf78b8486dd9b71a667b852cad919ab4484478e

PODFILE CHECKSUM: 208aac55a4a181b0d63299a0224d10dfd81d5c85

COCOAPODS: 1.11.2
